// !$*UTF8*$!
{
	archiveVersion = 1;
	classes = {
	};
	objectVersion = 48;
	objects = {

/* Begin PBXBuildFile section */
		22EC1F57F757BACD55865997 /* Pods_PowerPlantsTests.framework in Frameworks */ = {isa = PBXBuildFile; fileRef = 57C9A2BCDDC63B6056C62883 /* Pods_PowerPlantsTests.framework */; };
		7E0889F729FA9F4BED050046 /* Pods_PowerPlants.framework in Frameworks */ = {isa = PBXBuildFile; fileRef = 2952A1A5BBC3B275B30FFC5C /* Pods_PowerPlants.framework */; };
		C4CCCA15913602AC3AFAF887 /* Pods_PowerPlantsUITests.framework in Frameworks */ = {isa = PBXBuildFile; fileRef = 46DE9953A63583274590CE55 /* Pods_PowerPlantsUITests.framework */; };
		D20CE5C5201C796900DE25FA /* AppDelegate.swift in Sources */ = {isa = PBXBuildFile; fileRef = D20CE5C4201C796900DE25FA /* AppDelegate.swift */; };
		D20CE5C7201C796900DE25FA /* ViewController.swift in Sources */ = {isa = PBXBuildFile; fileRef = D20CE5C6201C796900DE25FA /* ViewController.swift */; };
		D20CE5CA201C796900DE25FA /* Main.storyboard in Resources */ = {isa = PBXBuildFile; fileRef = D20CE5C8201C796900DE25FA /* Main.storyboard */; };
		D20CE5CC201C796900DE25FA /* Assets.xcassets in Resources */ = {isa = PBXBuildFile; fileRef = D20CE5CB201C796900DE25FA /* Assets.xcassets */; };
		D20CE5CF201C796900DE25FA /* LaunchScreen.storyboard in Resources */ = {isa = PBXBuildFile; fileRef = D20CE5CD201C796900DE25FA /* LaunchScreen.storyboard */; };
		D20CE5DA201C796900DE25FA /* PowerPlantsTests.swift in Sources */ = {isa = PBXBuildFile; fileRef = D20CE5D9201C796900DE25FA /* PowerPlantsTests.swift */; };
		D20CE5E5201C796900DE25FA /* PowerPlantsUITests.swift in Sources */ = {isa = PBXBuildFile; fileRef = D20CE5E4201C796900DE25FA /* PowerPlantsUITests.swift */; };
		D20CE5FB201CBDAD00DE25FA /* PlantTableViewController.swift in Sources */ = {isa = PBXBuildFile; fileRef = D20CE5FA201CBDAD00DE25FA /* PlantTableViewController.swift */; };
		D20CE5FF201CBDD500DE25FA /* KindTableViewCell.swift in Sources */ = {isa = PBXBuildFile; fileRef = D20CE5FE201CBDD500DE25FA /* KindTableViewCell.swift */; };
		D20CE601201CBFE800DE25FA /* AddPlant1ViewController.swift in Sources */ = {isa = PBXBuildFile; fileRef = D20CE600201CBFE800DE25FA /* AddPlant1ViewController.swift */; };
		D22555F2201CC36E00C6E527 /* AddPlant2ViewController.swift in Sources */ = {isa = PBXBuildFile; fileRef = D22555F1201CC36E00C6E527 /* AddPlant2ViewController.swift */; };
		D22555F4201CD13A00C6E527 /* AddPlant3ViewController.swift in Sources */ = {isa = PBXBuildFile; fileRef = D22555F3201CD13A00C6E527 /* AddPlant3ViewController.swift */; };
		D22555F8201CD9F400C6E527 /* PlantProfileViewController.swift in Sources */ = {isa = PBXBuildFile; fileRef = D22555F7201CD9F300C6E527 /* PlantProfileViewController.swift */; };
		D22555FA201CDDEE00C6E527 /* PlantTableViewCell.swift in Sources */ = {isa = PBXBuildFile; fileRef = D22555F9201CDDEE00C6E527 /* PlantTableViewCell.swift */; };
		D22555FE201CE08300C6E527 /* AddPlant2_5ViewController.swift in Sources */ = {isa = PBXBuildFile; fileRef = D22555FD201CE08200C6E527 /* AddPlant2_5ViewController.swift */; };
		D2255600201CE23900C6E527 /* LoginCreateViewController.swift in Sources */ = {isa = PBXBuildFile; fileRef = D22555FF201CE23900C6E527 /* LoginCreateViewController.swift */; };
		D2255602201CE5E300C6E527 /* LoginReturningViewController.swift in Sources */ = {isa = PBXBuildFile; fileRef = D2255601201CE5E300C6E527 /* LoginReturningViewController.swift */; };
/* End PBXBuildFile section */

/* Begin PBXContainerItemProxy section */
		D20CE5D6201C796900DE25FA /* PBXContainerItemProxy */ = {
			isa = PBXContainerItemProxy;
			containerPortal = D20CE5B9201C796900DE25FA /* Project object */;
			proxyType = 1;
			remoteGlobalIDString = D20CE5C0201C796900DE25FA;
			remoteInfo = PowerPlants;
		};
		D20CE5E1201C796900DE25FA /* PBXContainerItemProxy */ = {
			isa = PBXContainerItemProxy;
			containerPortal = D20CE5B9201C796900DE25FA /* Project object */;
			proxyType = 1;
			remoteGlobalIDString = D20CE5C0201C796900DE25FA;
			remoteInfo = PowerPlants;
		};
/* End PBXContainerItemProxy section */

/* Begin PBXFileReference section */
		22ED7BEE28EB36F7766ECC9A /* Pods-PowerPlants.debug.xcconfig */ = {isa = PBXFileReference; includeInIndex = 1; lastKnownFileType = text.xcconfig; name = "Pods-PowerPlants.debug.xcconfig"; path = "Pods/Target Support Files/Pods-PowerPlants/Pods-PowerPlants.debug.xcconfig"; sourceTree = "<group>"; };
		2952A1A5BBC3B275B30FFC5C /* Pods_PowerPlants.framework */ = {isa = PBXFileReference; explicitFileType = wrapper.framework; includeInIndex = 0; path = Pods_PowerPlants.framework; sourceTree = BUILT_PRODUCTS_DIR; };
		46DE9953A63583274590CE55 /* Pods_PowerPlantsUITests.framework */ = {isa = PBXFileReference; explicitFileType = wrapper.framework; includeInIndex = 0; path = Pods_PowerPlantsUITests.framework; sourceTree = BUILT_PRODUCTS_DIR; };
		542718047543B0EF4105776E /* Pods-PowerPlantsUITests.release.xcconfig */ = {isa = PBXFileReference; includeInIndex = 1; lastKnownFileType = text.xcconfig; name = "Pods-PowerPlantsUITests.release.xcconfig"; path = "Pods/Target Support Files/Pods-PowerPlantsUITests/Pods-PowerPlantsUITests.release.xcconfig"; sourceTree = "<group>"; };
		57C9A2BCDDC63B6056C62883 /* Pods_PowerPlantsTests.framework */ = {isa = PBXFileReference; explicitFileType = wrapper.framework; includeInIndex = 0; path = Pods_PowerPlantsTests.framework; sourceTree = BUILT_PRODUCTS_DIR; };
		BAC164A237EE2433A0368F2A /* Pods-PowerPlants.release.xcconfig */ = {isa = PBXFileReference; includeInIndex = 1; lastKnownFileType = text.xcconfig; name = "Pods-PowerPlants.release.xcconfig"; path = "Pods/Target Support Files/Pods-PowerPlants/Pods-PowerPlants.release.xcconfig"; sourceTree = "<group>"; };
		C2C11E86C7B14B14E2A5B1BF /* Pods-PowerPlantsUITests.debug.xcconfig */ = {isa = PBXFileReference; includeInIndex = 1; lastKnownFileType = text.xcconfig; name = "Pods-PowerPlantsUITests.debug.xcconfig"; path = "Pods/Target Support Files/Pods-PowerPlantsUITests/Pods-PowerPlantsUITests.debug.xcconfig"; sourceTree = "<group>"; };
		D20CE5C1201C796900DE25FA /* PowerPlants.app */ = {isa = PBXFileReference; explicitFileType = wrapper.application; includeInIndex = 0; path = PowerPlants.app; sourceTree = BUILT_PRODUCTS_DIR; };
		D20CE5C4201C796900DE25FA /* AppDelegate.swift */ = {isa = PBXFileReference; lastKnownFileType = sourcecode.swift; path = AppDelegate.swift; sourceTree = "<group>"; };
		D20CE5C6201C796900DE25FA /* ViewController.swift */ = {isa = PBXFileReference; lastKnownFileType = sourcecode.swift; path = ViewController.swift; sourceTree = "<group>"; };
		D20CE5C9201C796900DE25FA /* Base */ = {isa = PBXFileReference; lastKnownFileType = file.storyboard; name = Base; path = Base.lproj/Main.storyboard; sourceTree = "<group>"; };
		D20CE5CB201C796900DE25FA /* Assets.xcassets */ = {isa = PBXFileReference; lastKnownFileType = folder.assetcatalog; path = Assets.xcassets; sourceTree = "<group>"; };
		D20CE5CE201C796900DE25FA /* Base */ = {isa = PBXFileReference; lastKnownFileType = file.storyboard; name = Base; path = Base.lproj/LaunchScreen.storyboard; sourceTree = "<group>"; };
		D20CE5D0201C796900DE25FA /* Info.plist */ = {isa = PBXFileReference; lastKnownFileType = text.plist.xml; path = Info.plist; sourceTree = "<group>"; };
		D20CE5D5201C796900DE25FA /* PowerPlantsTests.xctest */ = {isa = PBXFileReference; explicitFileType = wrapper.cfbundle; includeInIndex = 0; path = PowerPlantsTests.xctest; sourceTree = BUILT_PRODUCTS_DIR; };
		D20CE5D9201C796900DE25FA /* PowerPlantsTests.swift */ = {isa = PBXFileReference; lastKnownFileType = sourcecode.swift; path = PowerPlantsTests.swift; sourceTree = "<group>"; };
		D20CE5DB201C796900DE25FA /* Info.plist */ = {isa = PBXFileReference; lastKnownFileType = text.plist.xml; path = Info.plist; sourceTree = "<group>"; };
		D20CE5E0201C796900DE25FA /* PowerPlantsUITests.xctest */ = {isa = PBXFileReference; explicitFileType = wrapper.cfbundle; includeInIndex = 0; path = PowerPlantsUITests.xctest; sourceTree = BUILT_PRODUCTS_DIR; };
		D20CE5E4201C796900DE25FA /* PowerPlantsUITests.swift */ = {isa = PBXFileReference; lastKnownFileType = sourcecode.swift; path = PowerPlantsUITests.swift; sourceTree = "<group>"; };
		D20CE5E6201C796900DE25FA /* Info.plist */ = {isa = PBXFileReference; lastKnownFileType = text.plist.xml; path = Info.plist; sourceTree = "<group>"; };
		D20CE5FA201CBDAD00DE25FA /* PlantTableViewController.swift */ = {isa = PBXFileReference; fileEncoding = 4; lastKnownFileType = sourcecode.swift; path = PlantTableViewController.swift; sourceTree = "<group>"; };
		D20CE5FE201CBDD500DE25FA /* KindTableViewCell.swift */ = {isa = PBXFileReference; fileEncoding = 4; lastKnownFileType = sourcecode.swift; path = KindTableViewCell.swift; sourceTree = "<group>"; };
		D20CE600201CBFE800DE25FA /* AddPlant1ViewController.swift */ = {isa = PBXFileReference; lastKnownFileType = sourcecode.swift; path = AddPlant1ViewController.swift; sourceTree = "<group>"; };
		D22555F1201CC36E00C6E527 /* AddPlant2ViewController.swift */ = {isa = PBXFileReference; lastKnownFileType = sourcecode.swift; path = AddPlant2ViewController.swift; sourceTree = "<group>"; };
		D22555F3201CD13A00C6E527 /* AddPlant3ViewController.swift */ = {isa = PBXFileReference; lastKnownFileType = sourcecode.swift; path = AddPlant3ViewController.swift; sourceTree = "<group>"; };
		D22555F7201CD9F300C6E527 /* PlantProfileViewController.swift */ = {isa = PBXFileReference; lastKnownFileType = sourcecode.swift; path = PlantProfileViewController.swift; sourceTree = "<group>"; };
		D22555F9201CDDEE00C6E527 /* PlantTableViewCell.swift */ = {isa = PBXFileReference; lastKnownFileType = sourcecode.swift; path = PlantTableViewCell.swift; sourceTree = "<group>"; };
		D22555FD201CE08200C6E527 /* AddPlant2_5ViewController.swift */ = {isa = PBXFileReference; lastKnownFileType = sourcecode.swift; name = AddPlant2_5ViewController.swift; path = "/Users/alyssaschilke/OneDrive - Loyola University Maryland/HackathonTake2/PowerPlants/PowerPlants/AddPlant2_5ViewController.swift"; sourceTree = "<absolute>"; };
		D22555FF201CE23900C6E527 /* LoginCreateViewController.swift */ = {isa = PBXFileReference; lastKnownFileType = sourcecode.swift; path = LoginCreateViewController.swift; sourceTree = "<group>"; };
		D2255601201CE5E300C6E527 /* LoginReturningViewController.swift */ = {isa = PBXFileReference; lastKnownFileType = sourcecode.swift; path = LoginReturningViewController.swift; sourceTree = "<group>"; };
		F87081E6A8BF7E074292ED08 /* Pods-PowerPlantsTests.debug.xcconfig */ = {isa = PBXFileReference; includeInIndex = 1; lastKnownFileType = text.xcconfig; name = "Pods-PowerPlantsTests.debug.xcconfig"; path = "Pods/Target Support Files/Pods-PowerPlantsTests/Pods-PowerPlantsTests.debug.xcconfig"; sourceTree = "<group>"; };
		FB4333C7E51B8A528F3372DE /* Pods-PowerPlantsTests.release.xcconfig */ = {isa = PBXFileReference; includeInIndex = 1; lastKnownFileType = text.xcconfig; name = "Pods-PowerPlantsTests.release.xcconfig"; path = "Pods/Target Support Files/Pods-PowerPlantsTests/Pods-PowerPlantsTests.release.xcconfig"; sourceTree = "<group>"; };
/* End PBXFileReference section */

/* Begin PBXFrameworksBuildPhase section */
		D20CE5BE201C796900DE25FA /* Frameworks */ = {
			isa = PBXFrameworksBuildPhase;
			buildActionMask = 2147483647;
			files = (
				7E0889F729FA9F4BED050046 /* Pods_PowerPlants.framework in Frameworks */,
			);
			runOnlyForDeploymentPostprocessing = 0;
		};
		D20CE5D2201C796900DE25FA /* Frameworks */ = {
			isa = PBXFrameworksBuildPhase;
			buildActionMask = 2147483647;
			files = (
				22EC1F57F757BACD55865997 /* Pods_PowerPlantsTests.framework in Frameworks */,
			);
			runOnlyForDeploymentPostprocessing = 0;
		};
		D20CE5DD201C796900DE25FA /* Frameworks */ = {
			isa = PBXFrameworksBuildPhase;
			buildActionMask = 2147483647;
			files = (
				C4CCCA15913602AC3AFAF887 /* Pods_PowerPlantsUITests.framework in Frameworks */,
			);
			runOnlyForDeploymentPostprocessing = 0;
		};
/* End PBXFrameworksBuildPhase section */

/* Begin PBXGroup section */
		843195F2A3FF57BB0308D5E1 /* Frameworks */ = {
			isa = PBXGroup;
			children = (
				2952A1A5BBC3B275B30FFC5C /* Pods_PowerPlants.framework */,
				57C9A2BCDDC63B6056C62883 /* Pods_PowerPlantsTests.framework */,
				46DE9953A63583274590CE55 /* Pods_PowerPlantsUITests.framework */,
			);
			name = Frameworks;
			sourceTree = "<group>";
		};
		9597EEF143997DBAF516ADBA /* Pods */ = {
			isa = PBXGroup;
			children = (
				22ED7BEE28EB36F7766ECC9A /* Pods-PowerPlants.debug.xcconfig */,
				BAC164A237EE2433A0368F2A /* Pods-PowerPlants.release.xcconfig */,
				F87081E6A8BF7E074292ED08 /* Pods-PowerPlantsTests.debug.xcconfig */,
				FB4333C7E51B8A528F3372DE /* Pods-PowerPlantsTests.release.xcconfig */,
				C2C11E86C7B14B14E2A5B1BF /* Pods-PowerPlantsUITests.debug.xcconfig */,
				542718047543B0EF4105776E /* Pods-PowerPlantsUITests.release.xcconfig */,
			);
			name = Pods;
			sourceTree = "<group>";
		};
		D20CE5B8201C796900DE25FA = {
			isa = PBXGroup;
			children = (
				D20CE5C3201C796900DE25FA /* PowerPlants */,
				D20CE5D8201C796900DE25FA /* PowerPlantsTests */,
				D20CE5E3201C796900DE25FA /* PowerPlantsUITests */,
				D20CE5C2201C796900DE25FA /* Products */,
				9597EEF143997DBAF516ADBA /* Pods */,
				843195F2A3FF57BB0308D5E1 /* Frameworks */,
			);
			sourceTree = "<group>";
		};
		D20CE5C2201C796900DE25FA /* Products */ = {
			isa = PBXGroup;
			children = (
				D20CE5C1201C796900DE25FA /* PowerPlants.app */,
				D20CE5D5201C796900DE25FA /* PowerPlantsTests.xctest */,
				D20CE5E0201C796900DE25FA /* PowerPlantsUITests.xctest */,
			);
			name = Products;
			sourceTree = "<group>";
		};
		D20CE5C3201C796900DE25FA /* PowerPlants */ = {
			isa = PBXGroup;
			children = (
				D22555FD201CE08200C6E527 /* AddPlant2_5ViewController.swift */,
				D20CE5C4201C796900DE25FA /* AppDelegate.swift */,
				D20CE5C6201C796900DE25FA /* ViewController.swift */,
				D22555F3201CD13A00C6E527 /* AddPlant3ViewController.swift */,
				D20CE5C8201C796900DE25FA /* Main.storyboard */,
				D2255601201CE5E300C6E527 /* LoginReturningViewController.swift */,
				D22555FF201CE23900C6E527 /* LoginCreateViewController.swift */,
				D22555F1201CC36E00C6E527 /* AddPlant2ViewController.swift */,
				D20CE600201CBFE800DE25FA /* AddPlant1ViewController.swift */,
				D20CE5CB201C796900DE25FA /* Assets.xcassets */,
				D20CE5FE201CBDD500DE25FA /* KindTableViewCell.swift */,
				D22555F9201CDDEE00C6E527 /* PlantTableViewCell.swift */,
				D20CE5FA201CBDAD00DE25FA /* PlantTableViewController.swift */,
				D22555F7201CD9F300C6E527 /* PlantProfileViewController.swift */,
				D20CE5CD201C796900DE25FA /* LaunchScreen.storyboard */,
				D20CE5D0201C796900DE25FA /* Info.plist */,
			);
			path = PowerPlants;
			sourceTree = "<group>";
		};
		D20CE5D8201C796900DE25FA /* PowerPlantsTests */ = {
			isa = PBXGroup;
			children = (
				D20CE5D9201C796900DE25FA /* PowerPlantsTests.swift */,
				D20CE5DB201C796900DE25FA /* Info.plist */,
			);
			path = PowerPlantsTests;
			sourceTree = "<group>";
		};
		D20CE5E3201C796900DE25FA /* PowerPlantsUITests */ = {
			isa = PBXGroup;
			children = (
				D20CE5E4201C796900DE25FA /* PowerPlantsUITests.swift */,
				D20CE5E6201C796900DE25FA /* Info.plist */,
			);
			path = PowerPlantsUITests;
			sourceTree = "<group>";
		};
/* End PBXGroup section */

/* Begin PBXNativeTarget section */
		D20CE5C0201C796900DE25FA /* PowerPlants */ = {
			isa = PBXNativeTarget;
			buildConfigurationList = D20CE5E9201C796900DE25FA /* Build configuration list for PBXNativeTarget "PowerPlants" */;
			buildPhases = (
				68D513215DBCD4E6087C27CE /* [CP] Check Pods Manifest.lock */,
				D20CE5BD201C796900DE25FA /* Sources */,
				D20CE5BE201C796900DE25FA /* Frameworks */,
				D20CE5BF201C796900DE25FA /* Resources */,
				B446534EA24DCD456FBC7928 /* [CP] Embed Pods Frameworks */,
				6C8209572A9F3707D7DDA11A /* [CP] Copy Pods Resources */,
			);
			buildRules = (
			);
			dependencies = (
			);
			name = PowerPlants;
			productName = PowerPlants;
			productReference = D20CE5C1201C796900DE25FA /* PowerPlants.app */;
			productType = "com.apple.product-type.application";
		};
		D20CE5D4201C796900DE25FA /* PowerPlantsTests */ = {
			isa = PBXNativeTarget;
			buildConfigurationList = D20CE5EC201C796900DE25FA /* Build configuration list for PBXNativeTarget "PowerPlantsTests" */;
			buildPhases = (
				C5799FCE8489551F52365717 /* [CP] Check Pods Manifest.lock */,
				D20CE5D1201C796900DE25FA /* Sources */,
				D20CE5D2201C796900DE25FA /* Frameworks */,
				D20CE5D3201C796900DE25FA /* Resources */,
				1E2AFE1C6D44065C080F5228 /* [CP] Embed Pods Frameworks */,
				6C0B2306F14E3FD076DC7C48 /* [CP] Copy Pods Resources */,
			);
			buildRules = (
			);
			dependencies = (
				D20CE5D7201C796900DE25FA /* PBXTargetDependency */,
			);
			name = PowerPlantsTests;
			productName = PowerPlantsTests;
			productReference = D20CE5D5201C796900DE25FA /* PowerPlantsTests.xctest */;
			productType = "com.apple.product-type.bundle.unit-test";
		};
		D20CE5DF201C796900DE25FA /* PowerPlantsUITests */ = {
			isa = PBXNativeTarget;
			buildConfigurationList = D20CE5EF201C796900DE25FA /* Build configuration list for PBXNativeTarget "PowerPlantsUITests" */;
			buildPhases = (
				DE95E8ED46C5DBB9BEB2D754 /* [CP] Check Pods Manifest.lock */,
				D20CE5DC201C796900DE25FA /* Sources */,
				D20CE5DD201C796900DE25FA /* Frameworks */,
				D20CE5DE201C796900DE25FA /* Resources */,
				77A09977E03E1AE0F0F0D04A /* [CP] Embed Pods Frameworks */,
				606095BC523A0CFB5067B6BB /* [CP] Copy Pods Resources */,
			);
			buildRules = (
			);
			dependencies = (
				D20CE5E2201C796900DE25FA /* PBXTargetDependency */,
			);
			name = PowerPlantsUITests;
			productName = PowerPlantsUITests;
			productReference = D20CE5E0201C796900DE25FA /* PowerPlantsUITests.xctest */;
			productType = "com.apple.product-type.bundle.ui-testing";
		};
/* End PBXNativeTarget section */

/* Begin PBXProject section */
		D20CE5B9201C796900DE25FA /* Project object */ = {
			isa = PBXProject;
			attributes = {
				LastSwiftUpdateCheck = 0920;
				LastUpgradeCheck = 0920;
				ORGANIZATIONNAME = "Alyssa Schilke";
				TargetAttributes = {
					D20CE5C0201C796900DE25FA = {
						CreatedOnToolsVersion = 9.2;
						ProvisioningStyle = Automatic;
					};
					D20CE5D4201C796900DE25FA = {
						CreatedOnToolsVersion = 9.2;
						ProvisioningStyle = Automatic;
						TestTargetID = D20CE5C0201C796900DE25FA;
					};
					D20CE5DF201C796900DE25FA = {
						CreatedOnToolsVersion = 9.2;
						ProvisioningStyle = Automatic;
						TestTargetID = D20CE5C0201C796900DE25FA;
					};
				};
			};
			buildConfigurationList = D20CE5BC201C796900DE25FA /* Build configuration list for PBXProject "PowerPlants" */;
			compatibilityVersion = "Xcode 8.0";
			developmentRegion = en;
			hasScannedForEncodings = 0;
			knownRegions = (
				en,
				Base,
			);
			mainGroup = D20CE5B8201C796900DE25FA;
			productRefGroup = D20CE5C2201C796900DE25FA /* Products */;
			projectDirPath = "";
			projectRoot = "";
			targets = (
				D20CE5C0201C796900DE25FA /* PowerPlants */,
				D20CE5D4201C796900DE25FA /* PowerPlantsTests */,
				D20CE5DF201C796900DE25FA /* PowerPlantsUITests */,
			);
		};
/* End PBXProject section */

/* Begin PBXResourcesBuildPhase section */
		D20CE5BF201C796900DE25FA /* Resources */ = {
			isa = PBXResourcesBuildPhase;
			buildActionMask = 2147483647;
			files = (
				D20CE5CF201C796900DE25FA /* LaunchScreen.storyboard in Resources */,
				D20CE5CC201C796900DE25FA /* Assets.xcassets in Resources */,
				D20CE5CA201C796900DE25FA /* Main.storyboard in Resources */,
			);
			runOnlyForDeploymentPostprocessing = 0;
		};
		D20CE5D3201C796900DE25FA /* Resources */ = {
			isa = PBXResourcesBuildPhase;
			buildActionMask = 2147483647;
			files = (
			);
			runOnlyForDeploymentPostprocessing = 0;
		};
		D20CE5DE201C796900DE25FA /* Resources */ = {
			isa = PBXResourcesBuildPhase;
			buildActionMask = 2147483647;
			files = (
			);
			runOnlyForDeploymentPostprocessing = 0;
		};
/* End PBXResourcesBuildPhase section */

/* Begin PBXShellScriptBuildPhase section */
		1E2AFE1C6D44065C080F5228 /* [CP] Embed Pods Frameworks */ = {
			isa = PBXShellScriptBuildPhase;
			buildActionMask = 2147483647;
			files = (
			);
			inputPaths = (
			);
			name = "[CP] Embed Pods Frameworks";
			outputPaths = (
			);
			runOnlyForDeploymentPostprocessing = 0;
			shellPath = /bin/sh;
			shellScript = "\"${SRCROOT}/Pods/Target Support Files/Pods-PowerPlantsTests/Pods-PowerPlantsTests-frameworks.sh\"\n";
			showEnvVarsInLog = 0;
		};
		606095BC523A0CFB5067B6BB /* [CP] Copy Pods Resources */ = {
			isa = PBXShellScriptBuildPhase;
			buildActionMask = 2147483647;
			files = (
			);
			inputPaths = (
			);
			name = "[CP] Copy Pods Resources";
			outputPaths = (
			);
			runOnlyForDeploymentPostprocessing = 0;
			shellPath = /bin/sh;
			shellScript = "\"${SRCROOT}/Pods/Target Support Files/Pods-PowerPlantsUITests/Pods-PowerPlantsUITests-resources.sh\"\n";
			showEnvVarsInLog = 0;
		};
		68D513215DBCD4E6087C27CE /* [CP] Check Pods Manifest.lock */ = {
			isa = PBXShellScriptBuildPhase;
			buildActionMask = 2147483647;
			files = (
			);
			inputPaths = (
				"${PODS_PODFILE_DIR_PATH}/Podfile.lock",
				"${PODS_ROOT}/Manifest.lock",
			);
			name = "[CP] Check Pods Manifest.lock";
			outputPaths = (
				"$(DERIVED_FILE_DIR)/Pods-PowerPlants-checkManifestLockResult.txt",
			);
			runOnlyForDeploymentPostprocessing = 0;
			shellPath = /bin/sh;
			shellScript = "diff \"${PODS_PODFILE_DIR_PATH}/Podfile.lock\" \"${PODS_ROOT}/Manifest.lock\" > /dev/null\nif [ $? != 0 ] ; then\n    # print error to STDERR\n    echo \"error: The sandbox is not in sync with the Podfile.lock. Run 'pod install' or update your CocoaPods installation.\" >&2\n    exit 1\nfi\n# This output is used by Xcode 'outputs' to avoid re-running this script phase.\necho \"SUCCESS\" > \"${SCRIPT_OUTPUT_FILE_0}\"\n";
			showEnvVarsInLog = 0;
		};
		6C0B2306F14E3FD076DC7C48 /* [CP] Copy Pods Resources */ = {
			isa = PBXShellScriptBuildPhase;
			buildActionMask = 2147483647;
			files = (
			);
			inputPaths = (
			);
			name = "[CP] Copy Pods Resources";
			outputPaths = (
			);
			runOnlyForDeploymentPostprocessing = 0;
			shellPath = /bin/sh;
			shellScript = "\"${SRCROOT}/Pods/Target Support Files/Pods-PowerPlantsTests/Pods-PowerPlantsTests-resources.sh\"\n";
			showEnvVarsInLog = 0;
		};
		6C8209572A9F3707D7DDA11A /* [CP] Copy Pods Resources */ = {
			isa = PBXShellScriptBuildPhase;
			buildActionMask = 2147483647;
			files = (
			);
			inputPaths = (
			);
			name = "[CP] Copy Pods Resources";
			outputPaths = (
			);
			runOnlyForDeploymentPostprocessing = 0;
			shellPath = /bin/sh;
			shellScript = "\"${SRCROOT}/Pods/Target Support Files/Pods-PowerPlants/Pods-PowerPlants-resources.sh\"\n";
			showEnvVarsInLog = 0;
		};
		77A09977E03E1AE0F0F0D04A /* [CP] Embed Pods Frameworks */ = {
			isa = PBXShellScriptBuildPhase;
			buildActionMask = 2147483647;
			files = (
			);
			inputPaths = (
			);
			name = "[CP] Embed Pods Frameworks";
			outputPaths = (
			);
			runOnlyForDeploymentPostprocessing = 0;
			shellPath = /bin/sh;
			shellScript = "\"${SRCROOT}/Pods/Target Support Files/Pods-PowerPlantsUITests/Pods-PowerPlantsUITests-frameworks.sh\"\n";
			showEnvVarsInLog = 0;
		};
		B446534EA24DCD456FBC7928 /* [CP] Embed Pods Frameworks */ = {
			isa = PBXShellScriptBuildPhase;
			buildActionMask = 2147483647;
			files = (
			);
			inputPaths = (
				"${SRCROOT}/Pods/Target Support Files/Pods-PowerPlants/Pods-PowerPlants-frameworks.sh",
				"${BUILT_PRODUCTS_DIR}/BoringSSL/openssl.framework",
				"${BUILT_PRODUCTS_DIR}/GTMSessionFetcher/GTMSessionFetcher.framework",
				"${BUILT_PRODUCTS_DIR}/GoogleToolboxForMac/GoogleToolboxForMac.framework",
				"${BUILT_PRODUCTS_DIR}/Protobuf/Protobuf.framework",
				"${BUILT_PRODUCTS_DIR}/gRPC/GRPCClient.framework",
				"${BUILT_PRODUCTS_DIR}/gRPC-Core/grpc.framework",
				"${BUILT_PRODUCTS_DIR}/gRPC-ProtoRPC/ProtoRPC.framework",
				"${BUILT_PRODUCTS_DIR}/gRPC-RxLibrary/RxLibrary.framework",
				"${BUILT_PRODUCTS_DIR}/leveldb-library/leveldb.framework",
				"${BUILT_PRODUCTS_DIR}/nanopb/nanopb.framework",
			);
			name = "[CP] Embed Pods Frameworks";
			outputPaths = (
				"${TARGET_BUILD_DIR}/${FRAMEWORKS_FOLDER_PATH}/openssl.framework",
				"${TARGET_BUILD_DIR}/${FRAMEWORKS_FOLDER_PATH}/GTMSessionFetcher.framework",
				"${TARGET_BUILD_DIR}/${FRAMEWORKS_FOLDER_PATH}/GoogleToolboxForMac.framework",
				"${TARGET_BUILD_DIR}/${FRAMEWORKS_FOLDER_PATH}/Protobuf.framework",
				"${TARGET_BUILD_DIR}/${FRAMEWORKS_FOLDER_PATH}/GRPCClient.framework",
				"${TARGET_BUILD_DIR}/${FRAMEWORKS_FOLDER_PATH}/grpc.framework",
				"${TARGET_BUILD_DIR}/${FRAMEWORKS_FOLDER_PATH}/ProtoRPC.framework",
				"${TARGET_BUILD_DIR}/${FRAMEWORKS_FOLDER_PATH}/RxLibrary.framework",
				"${TARGET_BUILD_DIR}/${FRAMEWORKS_FOLDER_PATH}/leveldb.framework",
				"${TARGET_BUILD_DIR}/${FRAMEWORKS_FOLDER_PATH}/nanopb.framework",
			);
			runOnlyForDeploymentPostprocessing = 0;
			shellPath = /bin/sh;
			shellScript = "\"${SRCROOT}/Pods/Target Support Files/Pods-PowerPlants/Pods-PowerPlants-frameworks.sh\"\n";
			showEnvVarsInLog = 0;
		};
		C5799FCE8489551F52365717 /* [CP] Check Pods Manifest.lock */ = {
			isa = PBXShellScriptBuildPhase;
			buildActionMask = 2147483647;
			files = (
			);
			inputPaths = (
				"${PODS_PODFILE_DIR_PATH}/Podfile.lock",
				"${PODS_ROOT}/Manifest.lock",
			);
			name = "[CP] Check Pods Manifest.lock";
			outputPaths = (
				"$(DERIVED_FILE_DIR)/Pods-PowerPlantsTests-checkManifestLockResult.txt",
			);
			runOnlyForDeploymentPostprocessing = 0;
			shellPath = /bin/sh;
			shellScript = "diff \"${PODS_PODFILE_DIR_PATH}/Podfile.lock\" \"${PODS_ROOT}/Manifest.lock\" > /dev/null\nif [ $? != 0 ] ; then\n    # print error to STDERR\n    echo \"error: The sandbox is not in sync with the Podfile.lock. Run 'pod install' or update your CocoaPods installation.\" >&2\n    exit 1\nfi\n# This output is used by Xcode 'outputs' to avoid re-running this script phase.\necho \"SUCCESS\" > \"${SCRIPT_OUTPUT_FILE_0}\"\n";
			showEnvVarsInLog = 0;
		};
		DE95E8ED46C5DBB9BEB2D754 /* [CP] Check Pods Manifest.lock */ = {
			isa = PBXShellScriptBuildPhase;
			buildActionMask = 2147483647;
			files = (
			);
			inputPaths = (
				"${PODS_PODFILE_DIR_PATH}/Podfile.lock",
				"${PODS_ROOT}/Manifest.lock",
			);
			name = "[CP] Check Pods Manifest.lock";
			outputPaths = (
				"$(DERIVED_FILE_DIR)/Pods-PowerPlantsUITests-checkManifestLockResult.txt",
			);
			runOnlyForDeploymentPostprocessing = 0;
			shellPath = /bin/sh;
			shellScript = "diff \"${PODS_PODFILE_DIR_PATH}/Podfile.lock\" \"${PODS_ROOT}/Manifest.lock\" > /dev/null\nif [ $? != 0 ] ; then\n    # print error to STDERR\n    echo \"error: The sandbox is not in sync with the Podfile.lock. Run 'pod install' or update your CocoaPods installation.\" >&2\n    exit 1\nfi\n# This output is used by Xcode 'outputs' to avoid re-running this script phase.\necho \"SUCCESS\" > \"${SCRIPT_OUTPUT_FILE_0}\"\n";
			showEnvVarsInLog = 0;
		};
/* End PBXShellScriptBuildPhase section */

/* Begin PBXSourcesBuildPhase section */
		D20CE5BD201C796900DE25FA /* Sources */ = {
			isa = PBXSourcesBuildPhase;
			buildActionMask = 2147483647;
			files = (
				D20CE5C7201C796900DE25FA /* ViewController.swift in Sources */,
				D22555FE201CE08300C6E527 /* AddPlant2_5ViewController.swift in Sources */,
				D22555F2201CC36E00C6E527 /* AddPlant2ViewController.swift in Sources */,
				D2255602201CE5E300C6E527 /* LoginReturningViewController.swift in Sources */,
				D2255600201CE23900C6E527 /* LoginCreateViewController.swift in Sources */,
				D22555F4201CD13A00C6E527 /* AddPlant3ViewController.swift in Sources */,
				D20CE601201CBFE800DE25FA /* AddPlant1ViewController.swift in Sources */,
				D22555FA201CDDEE00C6E527 /* PlantTableViewCell.swift in Sources */,
				D22555F8201CD9F400C6E527 /* PlantProfileViewController.swift in Sources */,
				D20CE5FF201CBDD500DE25FA /* KindTableViewCell.swift in Sources */,
				D20CE5C5201C796900DE25FA /* AppDelegate.swift in Sources */,
				D20CE5FB201CBDAD00DE25FA /* PlantTableViewController.swift in Sources */,
			);
			runOnlyForDeploymentPostprocessing = 0;
		};
		D20CE5D1201C796900DE25FA /* Sources */ = {
			isa = PBXSourcesBuildPhase;
			buildActionMask = 2147483647;
			files = (
				D20CE5DA201C796900DE25FA /* PowerPlantsTests.swift in Sources */,
			);
			runOnlyForDeploymentPostprocessing = 0;
		};
		D20CE5DC201C796900DE25FA /* Sources */ = {
			isa = PBXSourcesBuildPhase;
			buildActionMask = 2147483647;
			files = (
				D20CE5E5201C796900DE25FA /* PowerPlantsUITests.swift in Sources */,
			);
			runOnlyForDeploymentPostprocessing = 0;
		};
/* End PBXSourcesBuildPhase section */

/* Begin PBXTargetDependency section */
		D20CE5D7201C796900DE25FA /* PBXTargetDependency */ = {
			isa = PBXTargetDependency;
			target = D20CE5C0201C796900DE25FA /* PowerPlants */;
			targetProxy = D20CE5D6201C796900DE25FA /* PBXContainerItemProxy */;
		};
		D20CE5E2201C796900DE25FA /* PBXTargetDependency */ = {
			isa = PBXTargetDependency;
			target = D20CE5C0201C796900DE25FA /* PowerPlants */;
			targetProxy = D20CE5E1201C796900DE25FA /* PBXContainerItemProxy */;
		};
/* End PBXTargetDependency section */

/* Begin PBXVariantGroup section */
		D20CE5C8201C796900DE25FA /* Main.storyboard */ = {
			isa = PBXVariantGroup;
			children = (
				D20CE5C9201C796900DE25FA /* Base */,
			);
			name = Main.storyboard;
			sourceTree = "<group>";
		};
		D20CE5CD201C796900DE25FA /* LaunchScreen.storyboard */ = {
			isa = PBXVariantGroup;
			children = (
				D20CE5CE201C796900DE25FA /* Base */,
			);
			name = LaunchScreen.storyboard;
			sourceTree = "<group>";
		};
/* End PBXVariantGroup section */

/* Begin XCBuildConfiguration section */
		D20CE5E7201C796900DE25FA /* Debug */ = {
			isa = XCBuildConfiguration;
			buildSettings = {
				ALWAYS_SEARCH_USER_PATHS = NO;
				CLANG_ANALYZER_NONNULL = YES;
				CLANG_ANALYZER_NUMBER_OBJECT_CONVERSION = YES_AGGRESSIVE;
				CLANG_CXX_LANGUAGE_STANDARD = "gnu++14";
				CLANG_CXX_LIBRARY = "libc++";
				CLANG_ENABLE_MODULES = YES;
				CLANG_ENABLE_OBJC_ARC = YES;
				CLANG_WARN_BLOCK_CAPTURE_AUTORELEASING = YES;
				CLANG_WARN_BOOL_CONVERSION = YES;
				CLANG_WARN_COMMA = YES;
				CLANG_WARN_CONSTANT_CONVERSION = YES;
				CLANG_WARN_DIRECT_OBJC_ISA_USAGE = YES_ERROR;
				CLANG_WARN_DOCUMENTATION_COMMENTS = YES;
				CLANG_WARN_EMPTY_BODY = YES;
				CLANG_WARN_ENUM_CONVERSION = YES;
				CLANG_WARN_INFINITE_RECURSION = YES;
				CLANG_WARN_INT_CONVERSION = YES;
				CLANG_WARN_NON_LITERAL_NULL_CONVERSION = YES;
				CLANG_WARN_OBJC_LITERAL_CONVERSION = YES;
				CLANG_WARN_OBJC_ROOT_CLASS = YES_ERROR;
				CLANG_WARN_RANGE_LOOP_ANALYSIS = YES;
				CLANG_WARN_STRICT_PROTOTYPES = YES;
				CLANG_WARN_SUSPICIOUS_MOVE = YES;
				CLANG_WARN_UNGUARDED_AVAILABILITY = YES_AGGRESSIVE;
				CLANG_WARN_UNREACHABLE_CODE = YES;
				CLANG_WARN__DUPLICATE_METHOD_MATCH = YES;
				CODE_SIGN_IDENTITY = "iPhone Developer";
				COPY_PHASE_STRIP = NO;
				DEBUG_INFORMATION_FORMAT = dwarf;
				ENABLE_STRICT_OBJC_MSGSEND = YES;
				ENABLE_TESTABILITY = YES;
				GCC_C_LANGUAGE_STANDARD = gnu11;
				GCC_DYNAMIC_NO_PIC = NO;
				GCC_NO_COMMON_BLOCKS = YES;
				GCC_OPTIMIZATION_LEVEL = 0;
				GCC_PREPROCESSOR_DEFINITIONS = (
					"DEBUG=1",
					"$(inherited)",
				);
				GCC_WARN_64_TO_32_BIT_CONVERSION = YES;
				GCC_WARN_ABOUT_RETURN_TYPE = YES_ERROR;
				GCC_WARN_UNDECLARED_SELECTOR = YES;
				GCC_WARN_UNINITIALIZED_AUTOS = YES_AGGRESSIVE;
				GCC_WARN_UNUSED_FUNCTION = YES;
				GCC_WARN_UNUSED_VARIABLE = YES;
				IPHONEOS_DEPLOYMENT_TARGET = 11.2;
				MTL_ENABLE_DEBUG_INFO = YES;
				ONLY_ACTIVE_ARCH = YES;
				SDKROOT = iphoneos;
				SWIFT_ACTIVE_COMPILATION_CONDITIONS = DEBUG;
				SWIFT_OPTIMIZATION_LEVEL = "-Onone";
			};
			name = Debug;
		};
		D20CE5E8201C796900DE25FA /* Release */ = {
			isa = XCBuildConfiguration;
			buildSettings = {
				ALWAYS_SEARCH_USER_PATHS = NO;
				CLANG_ANALYZER_NONNULL = YES;
				CLANG_ANALYZER_NUMBER_OBJECT_CONVERSION = YES_AGGRESSIVE;
				CLANG_CXX_LANGUAGE_STANDARD = "gnu++14";
				CLANG_CXX_LIBRARY = "libc++";
				CLANG_ENABLE_MODULES = YES;
				CLANG_ENABLE_OBJC_ARC = YES;
				CLANG_WARN_BLOCK_CAPTURE_AUTORELEASING = YES;
				CLANG_WARN_BOOL_CONVERSION = YES;
				CLANG_WARN_COMMA = YES;
				CLANG_WARN_CONSTANT_CONVERSION = YES;
				CLANG_WARN_DIRECT_OBJC_ISA_USAGE = YES_ERROR;
				CLANG_WARN_DOCUMENTATION_COMMENTS = YES;
				CLANG_WARN_EMPTY_BODY = YES;
				CLANG_WARN_ENUM_CONVERSION = YES;
				CLANG_WARN_INFINITE_RECURSION = YES;
				CLANG_WARN_INT_CONVERSION = YES;
				CLANG_WARN_NON_LITERAL_NULL_CONVERSION = YES;
				CLANG_WARN_OBJC_LITERAL_CONVERSION = YES;
				CLANG_WARN_OBJC_ROOT_CLASS = YES_ERROR;
				CLANG_WARN_RANGE_LOOP_ANALYSIS = YES;
				CLANG_WARN_STRICT_PROTOTYPES = YES;
				CLANG_WARN_SUSPICIOUS_MOVE = YES;
				CLANG_WARN_UNGUARDED_AVAILABILITY = YES_AGGRESSIVE;
				CLANG_WARN_UNREACHABLE_CODE = YES;
				CLANG_WARN__DUPLICATE_METHOD_MATCH = YES;
				CODE_SIGN_IDENTITY = "iPhone Developer";
				COPY_PHASE_STRIP = NO;
				DEBUG_INFORMATION_FORMAT = "dwarf-with-dsym";
				ENABLE_NS_ASSERTIONS = NO;
				ENABLE_STRICT_OBJC_MSGSEND = YES;
				GCC_C_LANGUAGE_STANDARD = gnu11;
				GCC_NO_COMMON_BLOCKS = YES;
				GCC_WARN_64_TO_32_BIT_CONVERSION = YES;
				GCC_WARN_ABOUT_RETURN_TYPE = YES_ERROR;
				GCC_WARN_UNDECLARED_SELECTOR = YES;
				GCC_WARN_UNINITIALIZED_AUTOS = YES_AGGRESSIVE;
				GCC_WARN_UNUSED_FUNCTION = YES;
				GCC_WARN_UNUSED_VARIABLE = YES;
				IPHONEOS_DEPLOYMENT_TARGET = 11.2;
				MTL_ENABLE_DEBUG_INFO = NO;
				SDKROOT = iphoneos;
				SWIFT_OPTIMIZATION_LEVEL = "-Owholemodule";
				VALIDATE_PRODUCT = YES;
			};
			name = Release;
		};
		D20CE5EA201C796900DE25FA /* Debug */ = {
			isa = XCBuildConfiguration;
			baseConfigurationReference = 22ED7BEE28EB36F7766ECC9A /* Pods-PowerPlants.debug.xcconfig */;
			buildSettings = {
				ASSETCATALOG_COMPILER_APPICON_NAME = AppIcon;
				CODE_SIGN_STYLE = Automatic;
				INFOPLIST_FILE = PowerPlants/Info.plist;
				LD_RUNPATH_SEARCH_PATHS = "$(inherited) @executable_path/Frameworks";
				PRODUCT_BUNDLE_IDENTIFIER = com.PowerPlants.app.PowerPlants;
				PRODUCT_NAME = "$(TARGET_NAME)";
				SWIFT_VERSION = 4.0;
				TARGETED_DEVICE_FAMILY = "1,2";
			};
			name = Debug;
		};
		D20CE5EB201C796900DE25FA /* Release */ = {
			isa = XCBuildConfiguration;
			baseConfigurationReference = BAC164A237EE2433A0368F2A /* Pods-PowerPlants.release.xcconfig */;
			buildSettings = {
				ASSETCATALOG_COMPILER_APPICON_NAME = AppIcon;
				CODE_SIGN_STYLE = Automatic;
				INFOPLIST_FILE = PowerPlants/Info.plist;
				LD_RUNPATH_SEARCH_PATHS = "$(inherited) @executable_path/Frameworks";
				PRODUCT_BUNDLE_IDENTIFIER = com.PowerPlants.app.PowerPlants;
				PRODUCT_NAME = "$(TARGET_NAME)";
				SWIFT_VERSION = 4.0;
				TARGETED_DEVICE_FAMILY = "1,2";
			};
			name = Release;
		};
		D20CE5ED201C796900DE25FA /* Debug */ = {
			isa = XCBuildConfiguration;
			baseConfigurationReference = F87081E6A8BF7E074292ED08 /* Pods-PowerPlantsTests.debug.xcconfig */;
			buildSettings = {
				ALWAYS_EMBED_SWIFT_STANDARD_LIBRARIES = YES;
				BUNDLE_LOADER = "$(TEST_HOST)";
				CODE_SIGN_STYLE = Automatic;
				INFOPLIST_FILE = PowerPlantsTests/Info.plist;
				LD_RUNPATH_SEARCH_PATHS = "$(inherited) @executable_path/Frameworks @loader_path/Frameworks";
				PRODUCT_BUNDLE_IDENTIFIER = com.PowerPlants.app.PowerPlantsTests;
				PRODUCT_NAME = "$(TARGET_NAME)";
				SWIFT_VERSION = 4.0;
				TARGETED_DEVICE_FAMILY = "1,2";
				TEST_HOST = "$(BUILT_PRODUCTS_DIR)/PowerPlants.app/PowerPlants";
			};
			name = Debug;
		};
		D20CE5EE201C796900DE25FA /* Release */ = {
			isa = XCBuildConfiguration;
			baseConfigurationReference = FB4333C7E51B8A528F3372DE /* Pods-PowerPlantsTests.release.xcconfig */;
			buildSettings = {
				ALWAYS_EMBED_SWIFT_STANDARD_LIBRARIES = YES;
				BUNDLE_LOADER = "$(TEST_HOST)";
				CODE_SIGN_STYLE = Automatic;
				INFOPLIST_FILE = PowerPlantsTests/Info.plist;
				LD_RUNPATH_SEARCH_PATHS = "$(inherited) @executable_path/Frameworks @loader_path/Frameworks";
				PRODUCT_BUNDLE_IDENTIFIER = com.PowerPlants.app.PowerPlantsTests;
				PRODUCT_NAME = "$(TARGET_NAME)";
				SWIFT_VERSION = 4.0;
				TARGETED_DEVICE_FAMILY = "1,2";
				TEST_HOST = "$(BUILT_PRODUCTS_DIR)/PowerPlants.app/PowerPlants";
			};
			name = Release;
		};
		D20CE5F0201C796900DE25FA /* Debug */ = {
			isa = XCBuildConfiguration;
			baseConfigurationReference = C2C11E86C7B14B14E2A5B1BF /* Pods-PowerPlantsUITests.debug.xcconfig */;
			buildSettings = {
				ALWAYS_EMBED_SWIFT_STANDARD_LIBRARIES = YES;
				CODE_SIGN_STYLE = Automatic;
				INFOPLIST_FILE = PowerPlantsUITests/Info.plist;
				LD_RUNPATH_SEARCH_PATHS = "$(inherited) @executable_path/Frameworks @loader_path/Frameworks";
				PRODUCT_BUNDLE_IDENTIFIER = com.PowerPlants.app.PowerPlantsUITests;
				PRODUCT_NAME = "$(TARGET_NAME)";
				SWIFT_VERSION = 4.0;
				TARGETED_DEVICE_FAMILY = "1,2";
				TEST_TARGET_NAME = PowerPlants;
			};
			name = Debug;
		};
		D20CE5F1201C796900DE25FA /* Release */ = {
			isa = XCBuildConfiguration;
			baseConfigurationReference = 542718047543B0EF4105776E /* Pods-PowerPlantsUITests.release.xcconfig */;
			buildSettings = {
				ALWAYS_EMBED_SWIFT_STANDARD_LIBRARIES = YES;
				CODE_SIGN_STYLE = Automatic;
				INFOPLIST_FILE = PowerPlantsUITests/Info.plist;
				LD_RUNPATH_SEARCH_PATHS = "$(inherited) @executable_path/Frameworks @loader_path/Frameworks";
				PRODUCT_BUNDLE_IDENTIFIER = com.PowerPlants.app.PowerPlantsUITests;
				PRODUCT_NAME = "$(TARGET_NAME)";
				SWIFT_VERSION = 4.0;
				TARGETED_DEVICE_FAMILY = "1,2";
				TEST_TARGET_NAME = PowerPlants;
			};
			name = Release;
		};
/* End XCBuildConfiguration section */

/* Begin XCConfigurationList section */
		D20CE5BC201C796900DE25FA /* Build configuration list for PBXProject "PowerPlants" */ = {
			isa = XCConfigurationList;
			buildConfigurations = (
				D20CE5E7201C796900DE25FA /* Debug */,
				D20CE5E8201C796900DE25FA /* Release */,
			);
			defaultConfigurationIsVisible = 0;
			defaultConfigurationName = Release;
		};
		D20CE5E9201C796900DE25FA /* Build configuration list for PBXNativeTarget "PowerPlants" */ = {
			isa = XCConfigurationList;
			buildConfigurations = (
				D20CE5EA201C796900DE25FA /* Debug */,
				D20CE5EB201C796900DE25FA /* Release */,
			);
			defaultConfigurationIsVisible = 0;
			defaultConfigurationName = Release;
		};
		D20CE5EC201C796900DE25FA /* Build configuration list for PBXNativeTarget "PowerPlantsTests" */ = {
			isa = XCConfigurationList;
			buildConfigurations = (
				D20CE5ED201C796900DE25FA /* Debug */,
				D20CE5EE201C796900DE25FA /* Release */,
			);
			defaultConfigurationIsVisible = 0;
			defaultConfigurationName = Release;
		};
		D20CE5EF201C796900DE25FA /* Build configuration list for PBXNativeTarget "PowerPlantsUITests" */ = {
			isa = XCConfigurationList;
			buildConfigurations = (
				D20CE5F0201C796900DE25FA /* Debug */,
				D20CE5F1201C796900DE25FA /* Release */,
			);
			defaultConfigurationIsVisible = 0;
			defaultConfigurationName = Release;
		};
/* End XCConfigurationList section */
	};
	rootObject = D20CE5B9201C796900DE25FA /* Project object */;
}
